// !$*UTF8*$!
{
	archiveVersion = 1;
	classes = {
	};
	objectVersion = 46;
	objects = {

/* Begin PBXBuildFile section */
		9F4BF0C61DF747A000FD4CD6 /* Main.storyboard in Resources */ = {isa = PBXBuildFile; fileRef = 9F4BF0C41DF747A000FD4CD6 /* Main.storyboard */; };
		9F4BF0CB1DF747A000FD4CD6 /* Assets.xcassets in Resources */ = {isa = PBXBuildFile; fileRef = 9F4BF0CA1DF747A000FD4CD6 /* Assets.xcassets */; };
		9F4BF0CE1DF747A000FD4CD6 /* LaunchScreen.storyboard in Resources */ = {isa = PBXBuildFile; fileRef = 9F4BF0CC1DF747A000FD4CD6 /* LaunchScreen.storyboard */; };
		9FE733B31E2CD0D2000CE7CC /* Sugar.swift in Sources */ = {isa = PBXBuildFile; fileRef = 9FE733B21E2CD0D2000CE7CC /* Sugar.swift */; };
		9FE733B91E2CDEF9000CE7CC /* AppDelegate.swift in Sources */ = {isa = PBXBuildFile; fileRef = 9FE733B61E2CDEF9000CE7CC /* AppDelegate.swift */; };
		9FE733BB1E2CDF02000CE7CC /* RealmFixtureCreator.swift in Sources */ = {isa = PBXBuildFile; fileRef = 9FE733BA1E2CDF02000CE7CC /* RealmFixtureCreator.swift */; };
		9FE733BF1E2CE208000CE7CC /* SugarListViewController.swift in Sources */ = {isa = PBXBuildFile; fileRef = 9FE733BE1E2CE208000CE7CC /* SugarListViewController.swift */; };
		9FE733C11E2CE367000CE7CC /* SugarInfoTableViewCell.swift in Sources */ = {isa = PBXBuildFile; fileRef = 9FE733C01E2CE367000CE7CC /* SugarInfoTableViewCell.swift */; };
		9FE733CE1E2D4FA6000CE7CC /* SugarCollectionViewController.swift in Sources */ = {isa = PBXBuildFile; fileRef = 9FE733CD1E2D4FA6000CE7CC /* SugarCollectionViewController.swift */; };
		9FE733D01E2D5020000CE7CC /* SugarPhotoCollectionViewCell.swift in Sources */ = {isa = PBXBuildFile; fileRef = 9FE733CF1E2D5020000CE7CC /* SugarPhotoCollectionViewCell.swift */; };
		A2BA5D87D26EB92AFD62BA2E /* Pods_sugarsticks.framework in Frameworks */ = {isa = PBXBuildFile; fileRef = B73F733D13767D20A57B4ACB /* Pods_sugarsticks.framework */; };
/* End PBXBuildFile section */

/* Begin PBXFileReference section */
		405FEA6CC2FCB2D1CC5FA801 /* Pods-sugarsticks.debug.xcconfig */ = {isa = PBXFileReference; includeInIndex = 1; lastKnownFileType = text.xcconfig; name = "Pods-sugarsticks.debug.xcconfig"; path = "Pods/Target Support Files/Pods-sugarsticks/Pods-sugarsticks.debug.xcconfig"; sourceTree = "<group>"; };
		9F4BF0BD1DF747A000FD4CD6 /* sugarsticks.app */ = {isa = PBXFileReference; explicitFileType = wrapper.application; includeInIndex = 0; path = sugarsticks.app; sourceTree = BUILT_PRODUCTS_DIR; };
		9F4BF0C51DF747A000FD4CD6 /* Base */ = {isa = PBXFileReference; lastKnownFileType = file.storyboard; name = Base; path = Base.lproj/Main.storyboard; sourceTree = "<group>"; };
		9F4BF0CA1DF747A000FD4CD6 /* Assets.xcassets */ = {isa = PBXFileReference; lastKnownFileType = folder.assetcatalog; path = Assets.xcassets; sourceTree = "<group>"; };
		9F4BF0CD1DF747A000FD4CD6 /* Base */ = {isa = PBXFileReference; lastKnownFileType = file.storyboard; name = Base; path = Base.lproj/LaunchScreen.storyboard; sourceTree = "<group>"; };
		9F4BF0CF1DF747A000FD4CD6 /* Info.plist */ = {isa = PBXFileReference; lastKnownFileType = text.plist.xml; path = Info.plist; sourceTree = "<group>"; };
		9FE733B21E2CD0D2000CE7CC /* Sugar.swift */ = {isa = PBXFileReference; fileEncoding = 4; lastKnownFileType = sourcecode.swift; path = Sugar.swift; sourceTree = "<group>"; };
		9FE733B61E2CDEF9000CE7CC /* AppDelegate.swift */ = {isa = PBXFileReference; fileEncoding = 4; lastKnownFileType = sourcecode.swift; path = AppDelegate.swift; sourceTree = "<group>"; };
		9FE733BA1E2CDF02000CE7CC /* RealmFixtureCreator.swift */ = {isa = PBXFileReference; fileEncoding = 4; lastKnownFileType = sourcecode.swift; path = RealmFixtureCreator.swift; sourceTree = "<group>"; };
		9FE733BE1E2CE208000CE7CC /* SugarListViewController.swift */ = {isa = PBXFileReference; fileEncoding = 4; lastKnownFileType = sourcecode.swift; path = SugarListViewController.swift; sourceTree = "<group>"; };
		9FE733C01E2CE367000CE7CC /* SugarInfoTableViewCell.swift */ = {isa = PBXFileReference; fileEncoding = 4; lastKnownFileType = sourcecode.swift; path = SugarInfoTableViewCell.swift; sourceTree = "<group>"; };
		9FE733CD1E2D4FA6000CE7CC /* SugarCollectionViewController.swift */ = {isa = PBXFileReference; fileEncoding = 4; lastKnownFileType = sourcecode.swift; path = SugarCollectionViewController.swift; sourceTree = "<group>"; };
		9FE733CF1E2D5020000CE7CC /* SugarPhotoCollectionViewCell.swift */ = {isa = PBXFileReference; fileEncoding = 4; lastKnownFileType = sourcecode.swift; path = SugarPhotoCollectionViewCell.swift; sourceTree = "<group>"; };
		B73F733D13767D20A57B4ACB /* Pods_sugarsticks.framework */ = {isa = PBXFileReference; explicitFileType = wrapper.framework; includeInIndex = 0; path = Pods_sugarsticks.framework; sourceTree = BUILT_PRODUCTS_DIR; };
		E385E8DC0469FC9DA0D9CDCC /* Pods-sugarsticks.release.xcconfig */ = {isa = PBXFileReference; includeInIndex = 1; lastKnownFileType = text.xcconfig; name = "Pods-sugarsticks.release.xcconfig"; path = "Pods/Target Support Files/Pods-sugarsticks/Pods-sugarsticks.release.xcconfig"; sourceTree = "<group>"; };
/* End PBXFileReference section */

/* Begin PBXFrameworksBuildPhase section */
		9F4BF0BA1DF747A000FD4CD6 /* Frameworks */ = {
			isa = PBXFrameworksBuildPhase;
			buildActionMask = 2147483647;
			files = (
				A2BA5D87D26EB92AFD62BA2E /* Pods_sugarsticks.framework in Frameworks */,
			);
			runOnlyForDeploymentPostprocessing = 0;
		};
/* End PBXFrameworksBuildPhase section */

/* Begin PBXGroup section */
		84544A4672CFD4750693C322 /* Frameworks */ = {
			isa = PBXGroup;
			children = (
				B73F733D13767D20A57B4ACB /* Pods_sugarsticks.framework */,
			);
			name = Frameworks;
			sourceTree = "<group>";
		};
		9F4BF0B41DF747A000FD4CD6 = {
			isa = PBXGroup;
			children = (
				9F4BF0BF1DF747A000FD4CD6 /* sugarsticks */,
				9F4BF0BE1DF747A000FD4CD6 /* Products */,
				D0FDB899EF9B0919C094CD6A /* Pods */,
				84544A4672CFD4750693C322 /* Frameworks */,
			);
			sourceTree = "<group>";
		};
		9F4BF0BE1DF747A000FD4CD6 /* Products */ = {
			isa = PBXGroup;
			children = (
				9F4BF0BD1DF747A000FD4CD6 /* sugarsticks.app */,
			);
			name = Products;
			sourceTree = "<group>";
		};
		9F4BF0BF1DF747A000FD4CD6 /* sugarsticks */ = {
			isa = PBXGroup;
			children = (
				9FE733C21E2CE4B8000CE7CC /* Resources */,
				9FE733BC1E2CE1F3000CE7CC /* PresentationLayer */,
				9FE733B41E2CDEF9000CE7CC /* ApplicationLayer */,
				9FE733B01E2CD0C1000CE7CC /* Models */,
				9F4BF0C41DF747A000FD4CD6 /* Main.storyboard */,
				9F4BF0CA1DF747A000FD4CD6 /* Assets.xcassets */,
				9F4BF0CC1DF747A000FD4CD6 /* LaunchScreen.storyboard */,
				9F4BF0CF1DF747A000FD4CD6 /* Info.plist */,
			);
			path = sugarsticks;
			sourceTree = "<group>";
		};
		9FE733B01E2CD0C1000CE7CC /* Models */ = {
			isa = PBXGroup;
			children = (
				9FE733B11E2CD0C1000CE7CC /* Sugar */,
			);
			path = Models;
			sourceTree = "<group>";
		};
		9FE733B11E2CD0C1000CE7CC /* Sugar */ = {
			isa = PBXGroup;
			children = (
				9FE733B21E2CD0D2000CE7CC /* Sugar.swift */,
			);
			path = Sugar;
			sourceTree = "<group>";
		};
		9FE733B41E2CDEF9000CE7CC /* ApplicationLayer */ = {
			isa = PBXGroup;
			children = (
				9FE733B51E2CDEF9000CE7CC /* AppDelegate */,
				9FE733B71E2CDEF9000CE7CC /* Helpers */,
			);
			path = ApplicationLayer;
			sourceTree = "<group>";
		};
		9FE733B51E2CDEF9000CE7CC /* AppDelegate */ = {
			isa = PBXGroup;
			children = (
				9FE733B61E2CDEF9000CE7CC /* AppDelegate.swift */,
			);
			path = AppDelegate;
			sourceTree = "<group>";
		};
		9FE733B71E2CDEF9000CE7CC /* Helpers */ = {
			isa = PBXGroup;
			children = (
				9FE733B81E2CDEF9000CE7CC /* RealmFixtureCreator */,
			);
			path = Helpers;
			sourceTree = "<group>";
		};
		9FE733B81E2CDEF9000CE7CC /* RealmFixtureCreator */ = {
			isa = PBXGroup;
			children = (
				9FE733BA1E2CDF02000CE7CC /* RealmFixtureCreator.swift */,
			);
			path = RealmFixtureCreator;
			sourceTree = "<group>";
		};
		9FE733BC1E2CE1F3000CE7CC /* PresentationLayer */ = {
			isa = PBXGroup;
			children = (
				9FE733CC1E2D4F97000CE7CC /* SugarCollectionModule */,
				9FE733BD1E2CE1F3000CE7CC /* SugarListModule */,
			);
			path = PresentationLayer;
			sourceTree = "<group>";
		};
		9FE733BD1E2CE1F3000CE7CC /* SugarListModule */ = {
			isa = PBXGroup;
			children = (
				9FE733BE1E2CE208000CE7CC /* SugarListViewController.swift */,
				9FE733C01E2CE367000CE7CC /* SugarInfoTableViewCell.swift */,
			);
			path = SugarListModule;
			sourceTree = "<group>";
		};
		9FE733C21E2CE4B8000CE7CC /* Resources */ = {
			isa = PBXGroup;
			children = (
				9FE733C31E2CE4B8000CE7CC /* Fixtures */,
			);
			path = Resources;
			sourceTree = "<group>";
		};
		9FE733C31E2CE4B8000CE7CC /* Fixtures */ = {
			isa = PBXGroup;
			children = (
			);
			path = Fixtures;
			sourceTree = "<group>";
		};
		9FE733CC1E2D4F97000CE7CC /* SugarCollectionModule */ = {
			isa = PBXGroup;
			children = (
				9FE733CD1E2D4FA6000CE7CC /* SugarCollectionViewController.swift */,
				9FE733CF1E2D5020000CE7CC /* SugarPhotoCollectionViewCell.swift */,
			);
			path = SugarCollectionModule;
			sourceTree = "<group>";
		};
		D0FDB899EF9B0919C094CD6A /* Pods */ = {
			isa = PBXGroup;
			children = (
				405FEA6CC2FCB2D1CC5FA801 /* Pods-sugarsticks.debug.xcconfig */,
				E385E8DC0469FC9DA0D9CDCC /* Pods-sugarsticks.release.xcconfig */,
			);
			name = Pods;
			sourceTree = "<group>";
		};
/* End PBXGroup section */

/* Begin PBXNativeTarget section */
		9F4BF0BC1DF747A000FD4CD6 /* sugarsticks */ = {
			isa = PBXNativeTarget;
			buildConfigurationList = 9F4BF0D21DF747A000FD4CD6 /* Build configuration list for PBXNativeTarget "sugarsticks" */;
			buildPhases = (
				159C884A1F44B9A33E325A61 /* [CP] Check Pods Manifest.lock */,
				9F4BF0B91DF747A000FD4CD6 /* Sources */,
				9F4BF0BA1DF747A000FD4CD6 /* Frameworks */,
				9F4BF0BB1DF747A000FD4CD6 /* Resources */,
				69C628449EC6FFE1A5A2FEBD /* [CP] Embed Pods Frameworks */,
				907ACF5CDD7369B4A6DF125A /* [CP] Copy Pods Resources */,
			);
			buildRules = (
			);
			dependencies = (
			);
			name = sugarsticks;
			productName = sugarsticks;
			productReference = 9F4BF0BD1DF747A000FD4CD6 /* sugarsticks.app */;
			productType = "com.apple.product-type.application";
		};
/* End PBXNativeTarget section */

/* Begin PBXProject section */
		9F4BF0B51DF747A000FD4CD6 /* Project object */ = {
			isa = PBXProject;
			attributes = {
				LastSwiftUpdateCheck = 0800;
				LastUpgradeCheck = 0800;
				ORGANIZATIONNAME = etolstoy;
				TargetAttributes = {
					9F4BF0BC1DF747A000FD4CD6 = {
						CreatedOnToolsVersion = 8.0;
						DevelopmentTeam = 4X3E7G4N3S;
						ProvisioningStyle = Automatic;
					};
				};
			};
			buildConfigurationList = 9F4BF0B81DF747A000FD4CD6 /* Build configuration list for PBXProject "sugarsticks" */;
			compatibilityVersion = "Xcode 3.2";
			developmentRegion = English;
			hasScannedForEncodings = 0;
			knownRegions = (
				en,
				Base,
			);
			mainGroup = 9F4BF0B41DF747A000FD4CD6;
			productRefGroup = 9F4BF0BE1DF747A000FD4CD6 /* Products */;
			projectDirPath = "";
			projectRoot = "";
			targets = (
				9F4BF0BC1DF747A000FD4CD6 /* sugarsticks */,
			);
		};
/* End PBXProject section */

/* Begin PBXResourcesBuildPhase section */
		9F4BF0BB1DF747A000FD4CD6 /* Resources */ = {
			isa = PBXResourcesBuildPhase;
			buildActionMask = 2147483647;
			files = (
				9F4BF0CE1DF747A000FD4CD6 /* LaunchScreen.storyboard in Resources */,
				9F4BF0CB1DF747A000FD4CD6 /* Assets.xcassets in Resources */,
				9F4BF0C61DF747A000FD4CD6 /* Main.storyboard in Resources */,
			);
			runOnlyForDeploymentPostprocessing = 0;
		};
/* End PBXResourcesBuildPhase section */

/* Begin PBXShellScriptBuildPhase section */
		159C884A1F44B9A33E325A61 /* [CP] Check Pods Manifest.lock */ = {
			isa = PBXShellScriptBuildPhase;
			buildActionMask = 2147483647;
			files = (
			);
			inputPaths = (
			);
			name = "[CP] Check Pods Manifest.lock";
			outputPaths = (
			);
			runOnlyForDeploymentPostprocessing = 0;
			shellPath = /bin/sh;
			shellScript = "diff \"${PODS_ROOT}/../Podfile.lock\" \"${PODS_ROOT}/Manifest.lock\" > /dev/null\nif [ $? != 0 ] ; then\n    # print error to STDERR\n    echo \"error: The sandbox is not in sync with the Podfile.lock. Run 'pod install' or update your CocoaPods installation.\" >&2\n    exit 1\nfi\n";
			showEnvVarsInLog = 0;
		};
		69C628449EC6FFE1A5A2FEBD /* [CP] Embed Pods Frameworks */ = {
			isa = PBXShellScriptBuildPhase;
			buildActionMask = 2147483647;
			files = (
			);
			inputPaths = (
			);
			name = "[CP] Embed Pods Frameworks";
			outputPaths = (
			);
			runOnlyForDeploymentPostprocessing = 0;
			shellPath = /bin/sh;
			shellScript = "\"${SRCROOT}/Pods/Target Support Files/Pods-sugarsticks/Pods-sugarsticks-frameworks.sh\"\n";
			showEnvVarsInLog = 0;
		};
		907ACF5CDD7369B4A6DF125A /* [CP] Copy Pods Resources */ = {
			isa = PBXShellScriptBuildPhase;
			buildActionMask = 2147483647;
			files = (
			);
			inputPaths = (
			);
			name = "[CP] Copy Pods Resources";
			outputPaths = (
			);
			runOnlyForDeploymentPostprocessing = 0;
			shellPath = /bin/sh;
			shellScript = "\"${SRCROOT}/Pods/Target Support Files/Pods-sugarsticks/Pods-sugarsticks-resources.sh\"\n";
			showEnvVarsInLog = 0;
		};
/* End PBXShellScriptBuildPhase section */

/* Begin PBXSourcesBuildPhase section */
		9F4BF0B91DF747A000FD4CD6 /* Sources */ = {
			isa = PBXSourcesBuildPhase;
			buildActionMask = 2147483647;
			files = (
				9FE733BB1E2CDF02000CE7CC /* RealmFixtureCreator.swift in Sources */,
				9FE733CE1E2D4FA6000CE7CC /* SugarCollectionViewController.swift in Sources */,
				9FE733BF1E2CE208000CE7CC /* SugarListViewController.swift in Sources */,
				9FE733B91E2CDEF9000CE7CC /* AppDelegate.swift in Sources */,
				9FE733C11E2CE367000CE7CC /* SugarInfoTableViewCell.swift in Sources */,
				9FE733B31E2CD0D2000CE7CC /* Sugar.swift in Sources */,
				9FE733D01E2D5020000CE7CC /* SugarPhotoCollectionViewCell.swift in Sources */,
			);
			runOnlyForDeploymentPostprocessing = 0;
		};
/* End PBXSourcesBuildPhase section */

/* Begin PBXVariantGroup section */
		9F4BF0C41DF747A000FD4CD6 /* Main.storyboard */ = {
			isa = PBXVariantGroup;
			children = (
				9F4BF0C51DF747A000FD4CD6 /* Base */,
			);
			name = Main.storyboard;
			sourceTree = "<group>";
		};
		9F4BF0CC1DF747A000FD4CD6 /* LaunchScreen.storyboard */ = {
			isa = PBXVariantGroup;
			children = (
				9F4BF0CD1DF747A000FD4CD6 /* Base */,
			);
			name = LaunchScreen.storyboard;
			sourceTree = "<group>";
		};
/* End PBXVariantGroup section */

/* Begin XCBuildConfiguration section */
		9F4BF0D01DF747A000FD4CD6 /* Debug */ = {
			isa = XCBuildConfiguration;
			buildSettings = {
				ALWAYS_SEARCH_USER_PATHS = NO;
				CLANG_ANALYZER_NONNULL = YES;
				CLANG_CXX_LANGUAGE_STANDARD = "gnu++0x";
				CLANG_CXX_LIBRARY = "libc++";
				CLANG_ENABLE_MODULES = YES;
				CLANG_ENABLE_OBJC_ARC = YES;
				CLANG_WARN_BOOL_CONVERSION = YES;
				CLANG_WARN_CONSTANT_CONVERSION = YES;
				CLANG_WARN_DIRECT_OBJC_ISA_USAGE = YES_ERROR;
				CLANG_WARN_DOCUMENTATION_COMMENTS = YES;
				CLANG_WARN_EMPTY_BODY = YES;
				CLANG_WARN_ENUM_CONVERSION = YES;
				CLANG_WARN_INFINITE_RECURSION = YES;
				CLANG_WARN_INT_CONVERSION = YES;
				CLANG_WARN_OBJC_ROOT_CLASS = YES_ERROR;
				CLANG_WARN_SUSPICIOUS_MOVES = YES;
				CLANG_WARN_UNREACHABLE_CODE = YES;
				CLANG_WARN__DUPLICATE_METHOD_MATCH = YES;
				"CODE_SIGN_IDENTITY[sdk=iphoneos*]" = "iPhone Developer";
				COPY_PHASE_STRIP = NO;
				DEBUG_INFORMATION_FORMAT = dwarf;
				ENABLE_STRICT_OBJC_MSGSEND = YES;
				ENABLE_TESTABILITY = YES;
				GCC_C_LANGUAGE_STANDARD = gnu99;
				GCC_DYNAMIC_NO_PIC = NO;
				GCC_NO_COMMON_BLOCKS = YES;
				GCC_OPTIMIZATION_LEVEL = 0;
				GCC_PREPROCESSOR_DEFINITIONS = (
					"DEBUG=1",
					"$(inherited)",
				);
				GCC_WARN_64_TO_32_BIT_CONVERSION = YES;
				GCC_WARN_ABOUT_RETURN_TYPE = YES_ERROR;
				GCC_WARN_UNDECLARED_SELECTOR = YES;
				GCC_WARN_UNINITIALIZED_AUTOS = YES_AGGRESSIVE;
				GCC_WARN_UNUSED_FUNCTION = YES;
				GCC_WARN_UNUSED_VARIABLE = YES;
				IPHONEOS_DEPLOYMENT_TARGET = 10.0;
				MTL_ENABLE_DEBUG_INFO = YES;
				ONLY_ACTIVE_ARCH = YES;
				SDKROOT = iphoneos;
				SWIFT_ACTIVE_COMPILATION_CONDITIONS = DEBUG;
				SWIFT_OPTIMIZATION_LEVEL = "-Onone";
			};
			name = Debug;
		};
		9F4BF0D11DF747A000FD4CD6 /* Release */ = {
			isa = XCBuildConfiguration;
			buildSettings = {
				ALWAYS_SEARCH_USER_PATHS = NO;
				CLANG_ANALYZER_NONNULL = YES;
				CLANG_CXX_LANGUAGE_STANDARD = "gnu++0x";
				CLANG_CXX_LIBRARY = "libc++";
				CLANG_ENABLE_MODULES = YES;
				CLANG_ENABLE_OBJC_ARC = YES;
				CLANG_WARN_BOOL_CONVERSION = YES;
				CLANG_WARN_CONSTANT_CONVERSION = YES;
				CLANG_WARN_DIRECT_OBJC_ISA_USAGE = YES_ERROR;
				CLANG_WARN_DOCUMENTATION_COMMENTS = YES;
				CLANG_WARN_EMPTY_BODY = YES;
				CLANG_WARN_ENUM_CONVERSION = YES;
				CLANG_WARN_INFINITE_RECURSION = YES;
				CLANG_WARN_INT_CONVERSION = YES;
				CLANG_WARN_OBJC_ROOT_CLASS = YES_ERROR;
				CLANG_WARN_SUSPICIOUS_MOVES = YES;
				CLANG_WARN_UNREACHABLE_CODE = YES;
				CLANG_WARN__DUPLICATE_METHOD_MATCH = YES;
				"CODE_SIGN_IDENTITY[sdk=iphoneos*]" = "iPhone Developer";
				COPY_PHASE_STRIP = NO;
				DEBUG_INFORMATION_FORMAT = "dwarf-with-dsym";
				ENABLE_NS_ASSERTIONS = NO;
				ENABLE_STRICT_OBJC_MSGSEND = YES;
				GCC_C_LANGUAGE_STANDARD = gnu99;
				GCC_NO_COMMON_BLOCKS = YES;
				GCC_WARN_64_TO_32_BIT_CONVERSION = YES;
				GCC_WARN_ABOUT_RETURN_TYPE = YES_ERROR;
				GCC_WARN_UNDECLARED_SELECTOR = YES;
				GCC_WARN_UNINITIALIZED_AUTOS = YES_AGGRESSIVE;
				GCC_WARN_UNUSED_FUNCTION = YES;
				GCC_WARN_UNUSED_VARIABLE = YES;
				IPHONEOS_DEPLOYMENT_TARGET = 10.0;
				MTL_ENABLE_DEBUG_INFO = NO;
				SDKROOT = iphoneos;
				SWIFT_OPTIMIZATION_LEVEL = "-Owholemodule";
				VALIDATE_PRODUCT = YES;
			};
			name = Release;
		};
		9F4BF0D31DF747A000FD4CD6 /* Debug */ = {
			isa = XCBuildConfiguration;
			baseConfigurationReference = 405FEA6CC2FCB2D1CC5FA801 /* Pods-sugarsticks.debug.xcconfig */;
			buildSettings = {
				ASSETCATALOG_COMPILER_APPICON_NAME = AppIcon;
				DEVELOPMENT_TEAM = 4X3E7G4N3S;
				INFOPLIST_FILE = sugarsticks/Info.plist;
				LD_RUNPATH_SEARCH_PATHS = "$(inherited) @executable_path/Frameworks";
				PRODUCT_BUNDLE_IDENTIFIER = ru.etolstoy.sugarsticks;
				PRODUCT_NAME = "$(TARGET_NAME)";
				SWIFT_VERSION = 3.0;
			};
			name = Debug;
		};
		9F4BF0D41DF747A000FD4CD6 /* Release */ = {
			isa = XCBuildConfiguration;
			baseConfigurationReference = E385E8DC0469FC9DA0D9CDCC /* Pods-sugarsticks.release.xcconfig */;
			buildSettings = {
				ASSETCATALOG_COMPILER_APPICON_NAME = AppIcon;
				DEVELOPMENT_TEAM = 4X3E7G4N3S;
				INFOPLIST_FILE = sugarsticks/Info.plist;
				LD_RUNPATH_SEARCH_PATHS = "$(inherited) @executable_path/Frameworks";
				PRODUCT_BUNDLE_IDENTIFIER = ru.etolstoy.sugarsticks;
				PRODUCT_NAME = "$(TARGET_NAME)";
				SWIFT_VERSION = 3.0;
			};
			name = Release;
		};
/* End XCBuildConfiguration section */

/* Begin XCConfigurationList section */
		9F4BF0B81DF747A000FD4CD6 /* Build configuration list for PBXProject "sugarsticks" */ = {
			isa = XCConfigurationList;
			buildConfigurations = (
				9F4BF0D01DF747A000FD4CD6 /* Debug */,
				9F4BF0D11DF747A000FD4CD6 /* Release */,
			);
			defaultConfigurationIsVisible = 0;
			defaultConfigurationName = Release;
		};
		9F4BF0D21DF747A000FD4CD6 /* Build configuration list for PBXNativeTarget "sugarsticks" */ = {
			isa = XCConfigurationList;
			buildConfigurations = (
				9F4BF0D31DF747A000FD4CD6 /* Debug */,
				9F4BF0D41DF747A000FD4CD6 /* Release */,
			);
			defaultConfigurationIsVisible = 0;
			defaultConfigurationName = Release;
		};
/* End XCConfigurationList section */
	};
	rootObject = 9F4BF0B51DF747A000FD4CD6 /* Project object */;
}
